
Microsoft Visual Studio Solution File, Format Version 12.00
# Visual Studio Version 16
VisualStudioVersion = 16.0.32002.261
MinimumVisualStudioVersion = 10.0.40219.1
Project("{9A19103F-16F7-4668-BE54-9A1E7A4F7556}") = "IS405", "IS405.csproj", "{C397BA99-335F-47A9-B3C7-4BC3363360A4}"
EndProject
Global
	GlobalSection(SolutionConfigurationPlatforms) = preSolution
		Debug|Any CPU = Debug|Any CPU
		Release|Any CPU = Release|Any CPU
	EndGlobalSection
	GlobalSection(ProjectConfigurationPlatforms) = postSolution
		{C397BA99-335F-47A9-B3C7-4BC3363360A4}.Debug|Any CPU.ActiveCfg = Debug|Any CPU
		{C397BA99-335F-47A9-B3C7-4BC3363360A4}.Debug|Any CPU.Build.0 = Debug|Any CPU
		{C397BA99-335F-47A9-B3C7-4BC3363360A4}.Release|Any CPU.ActiveCfg = Release|Any CPU
		{C397BA99-335F-47A9-B3C7-4BC3363360A4}.Release|Any CPU.Build.0 = Release|Any CPU
	EndGlobalSection
	GlobalSection(SolutionProperties) = preSolution
		HideSolutionNode = FALSE
	EndGlobalSection
	GlobalSection(ExtensibilityGlobals) = postSolution
		SolutionGuid = {E913F7F9-F9E2-4F49-AE66-351FCA8A3DEA}
	EndGlobalSection
EndGlobal
